// !$*UTF8*$!
{
	archiveVersion = 1;
	classes = {
	};
	objectVersion = 50;
	objects = {

/* Begin PBXBuildFile section */
		D5570B87238849C700DB9286 /* AppDelegate.swift in Sources */ = {isa = PBXBuildFile; fileRef = D5570B86238849C700DB9286 /* AppDelegate.swift */; };
		D5570B8C238849C700DB9286 /* Main.storyboard in Resources */ = {isa = PBXBuildFile; fileRef = D5570B8A238849C700DB9286 /* Main.storyboard */; };
		D5570B8E238849CD00DB9286 /* Assets.xcassets in Resources */ = {isa = PBXBuildFile; fileRef = D5570B8D238849CD00DB9286 /* Assets.xcassets */; };
		D5570B91238849CD00DB9286 /* LaunchScreen.storyboard in Resources */ = {isa = PBXBuildFile; fileRef = D5570B8F238849CD00DB9286 /* LaunchScreen.storyboard */; };
		D55A37802397E31100504095 /* DeathTableViewController.swift in Sources */ = {isa = PBXBuildFile; fileRef = D55A377F2397E31100504095 /* DeathTableViewController.swift */; };
		D55A37942398293200504095 /* AddEntryViewController.swift in Sources */ = {isa = PBXBuildFile; fileRef = D55A37932398293200504095 /* AddEntryViewController.swift */; };
		D5873B2D23A0ED06004AE556 /* Model.swift in Sources */ = {isa = PBXBuildFile; fileRef = D5873B2C23A0ED06004AE556 /* Model.swift */; };
/* End PBXBuildFile section */

/* Begin PBXFileReference section */
		D5570B83238849C700DB9286 /* day02.app */ = {isa = PBXFileReference; explicitFileType = wrapper.application; includeInIndex = 0; path = day02.app; sourceTree = BUILT_PRODUCTS_DIR; };
		D5570B86238849C700DB9286 /* AppDelegate.swift */ = {isa = PBXFileReference; lastKnownFileType = sourcecode.swift; path = AppDelegate.swift; sourceTree = "<group>"; };
		D5570B8B238849C700DB9286 /* Base */ = {isa = PBXFileReference; lastKnownFileType = file.storyboard; name = Base; path = Base.lproj/Main.storyboard; sourceTree = "<group>"; };
		D5570B8D238849CD00DB9286 /* Assets.xcassets */ = {isa = PBXFileReference; lastKnownFileType = folder.assetcatalog; path = Assets.xcassets; sourceTree = "<group>"; };
		D5570B90238849CD00DB9286 /* Base */ = {isa = PBXFileReference; lastKnownFileType = file.storyboard; name = Base; path = Base.lproj/LaunchScreen.storyboard; sourceTree = "<group>"; };
		D5570B92238849CD00DB9286 /* Info.plist */ = {isa = PBXFileReference; lastKnownFileType = text.plist.xml; path = Info.plist; sourceTree = "<group>"; };
		D55A377F2397E31100504095 /* DeathTableViewController.swift */ = {isa = PBXFileReference; lastKnownFileType = sourcecode.swift; path = DeathTableViewController.swift; sourceTree = "<group>"; };
		D55A37932398293200504095 /* AddEntryViewController.swift */ = {isa = PBXFileReference; lastKnownFileType = sourcecode.swift; path = AddEntryViewController.swift; sourceTree = "<group>"; };
		D5873B2C23A0ED06004AE556 /* Model.swift */ = {isa = PBXFileReference; lastKnownFileType = sourcecode.swift; path = Model.swift; sourceTree = "<group>"; };
/* End PBXFileReference section */

/* Begin PBXFrameworksBuildPhase section */
		D5570B80238849C700DB9286 /* Frameworks */ = {
			isa = PBXFrameworksBuildPhase;
			buildActionMask = 2147483647;
			files = (
			);
			runOnlyForDeploymentPostprocessing = 0;
		};
/* End PBXFrameworksBuildPhase section */

/* Begin PBXGroup section */
		D5570B7A238849C700DB9286 = {
			isa = PBXGroup;
			children = (
				D5570B85238849C700DB9286 /* day02 */,
				D5570B84238849C700DB9286 /* Products */,
			);
			sourceTree = "<group>";
		};
		D5570B84238849C700DB9286 /* Products */ = {
			isa = PBXGroup;
			children = (
				D5570B83238849C700DB9286 /* day02.app */,
			);
			name = Products;
			sourceTree = "<group>";
		};
		D5570B85238849C700DB9286 /* day02 */ = {
			isa = PBXGroup;
			children = (
				D5570B86238849C700DB9286 /* AppDelegate.swift */,
				D5570B8A238849C700DB9286 /* Main.storyboard */,
				D5570B8D238849CD00DB9286 /* Assets.xcassets */,
				D5570B8F238849CD00DB9286 /* LaunchScreen.storyboard */,
				D5570B92238849CD00DB9286 /* Info.plist */,
				D55A377F2397E31100504095 /* DeathTableViewController.swift */,
				D55A37932398293200504095 /* AddEntryViewController.swift */,
				D5873B2C23A0ED06004AE556 /* Model.swift */,
			);
			path = day02;
			sourceTree = "<group>";
		};
/* End PBXGroup section */

/* Begin PBXNativeTarget section */
		D5570B82238849C700DB9286 /* day02 */ = {
			isa = PBXNativeTarget;
			buildConfigurationList = D5570B95238849CD00DB9286 /* Build configuration list for PBXNativeTarget "day02" */;
			buildPhases = (
				D5570B7F238849C700DB9286 /* Sources */,
				D5570B80238849C700DB9286 /* Frameworks */,
				D5570B81238849C700DB9286 /* Resources */,
			);
			buildRules = (
			);
			dependencies = (
			);
			name = day02;
			productName = day02;
			productReference = D5570B83238849C700DB9286 /* day02.app */;
			productType = "com.apple.product-type.application";
		};
/* End PBXNativeTarget section */

/* Begin PBXProject section */
		D5570B7B238849C700DB9286 /* Project object */ = {
			isa = PBXProject;
			attributes = {
				LastSwiftUpdateCheck = 1030;
				LastUpgradeCheck = 1030;
				ORGANIZATIONNAME = "Aubane COULOMBIER";
				TargetAttributes = {
					D5570B82238849C700DB9286 = {
						CreatedOnToolsVersion = 10.3;
					};
				};
			};
			buildConfigurationList = D5570B7E238849C700DB9286 /* Build configuration list for PBXProject "day02" */;
			compatibilityVersion = "Xcode 9.3";
			developmentRegion = en;
			hasScannedForEncodings = 0;
			knownRegions = (
				en,
				Base,
			);
			mainGroup = D5570B7A238849C700DB9286;
			productRefGroup = D5570B84238849C700DB9286 /* Products */;
			projectDirPath = "";
			projectRoot = "";
			targets = (
				D5570B82238849C700DB9286 /* day02 */,
			);
		};
/* End PBXProject section */

/* Begin PBXResourcesBuildPhase section */
		D5570B81238849C700DB9286 /* Resources */ = {
			isa = PBXResourcesBuildPhase;
			buildActionMask = 2147483647;
			files = (
				D5570B91238849CD00DB9286 /* LaunchScreen.storyboard in Resources */,
				D5570B8E238849CD00DB9286 /* Assets.xcassets in Resources */,
				D5570B8C238849C700DB9286 /* Main.storyboard in Resources */,
			);
			runOnlyForDeploymentPostprocessing = 0;
		};
/* End PBXResourcesBuildPhase section */

/* Begin PBXSourcesBuildPhase section */
		D5570B7F238849C700DB9286 /* Sources */ = {
			isa = PBXSourcesBuildPhase;
			buildActionMask = 2147483647;
			files = (
				D55A37942398293200504095 /* AddEntryViewController.swift in Sources */,
				D55A37802397E31100504095 /* DeathTableViewController.swift in Sources */,
				D5570B87238849C700DB9286 /* AppDelegate.swift in Sources */,
				D5873B2D23A0ED06004AE556 /* Model.swift in Sources */,
			);
			runOnlyForDeploymentPostprocessing = 0;
		};
/* End PBXSourcesBuildPhase section */

/* Begin PBXVariantGroup section */
		D5570B8A238849C700DB9286 /* Main.storyboard */ = {
			isa = PBXVariantGroup;
			children = (
				D5570B8B238849C700DB9286 /* Base */,
			);
			name = Main.storyboard;
			sourceTree = "<group>";
		};
		D5570B8F238849CD00DB9286 /* LaunchScreen.storyboard */ = {
			isa = PBXVariantGroup;
			children = (
				D5570B90238849CD00DB9286 /* Base */,
			);
			name = LaunchScreen.storyboard;
			sourceTree = "<group>";
		};
/* End PBXVariantGroup section */

/* Begin XCBuildConfiguration section */
		D5570B93238849CD00DB9286 /* Debug */ = {
			isa = XCBuildConfiguration;
			buildSettings = {
				ALWAYS_SEARCH_USER_PATHS = NO;
				CLANG_ANALYZER_NONNULL = YES;
				CLANG_ANALYZER_NUMBER_OBJECT_CONVERSION = YES_AGGRESSIVE;
				CLANG_CXX_LANGUAGE_STANDARD = "gnu++14";
				CLANG_CXX_LIBRARY = "libc++";
				CLANG_ENABLE_MODULES = YES;
				CLANG_ENABLE_OBJC_ARC = YES;
				CLANG_ENABLE_OBJC_WEAK = YES;
				CLANG_WARN_BLOCK_CAPTURE_AUTORELEASING = YES;
				CLANG_WARN_BOOL_CONVERSION = YES;
				CLANG_WARN_COMMA = YES;
				CLANG_WARN_CONSTANT_CONVERSION = YES;
				CLANG_WARN_DEPRECATED_OBJC_IMPLEMENTATIONS = YES;
				CLANG_WARN_DIRECT_OBJC_ISA_USAGE = YES_ERROR;
				CLANG_WARN_DOCUMENTATION_COMMENTS = YES;
				CLANG_WARN_EMPTY_BODY = YES;
				CLANG_WARN_ENUM_CONVERSION = YES;
				CLANG_WARN_INFINITE_RECURSION = YES;
				CLANG_WARN_INT_CONVERSION = YES;
				CLANG_WARN_NON_LITERAL_NULL_CONVERSION = YES;
				CLANG_WARN_OBJC_IMPLICIT_RETAIN_SELF = YES;
				CLANG_WARN_OBJC_LITERAL_CONVERSION = YES;
				CLANG_WARN_OBJC_ROOT_CLASS = YES_ERROR;
				CLANG_WARN_RANGE_LOOP_ANALYSIS = YES;
				CLANG_WARN_STRICT_PROTOTYPES = YES;
				CLANG_WARN_SUSPICIOUS_MOVE = YES;
				CLANG_WARN_UNGUARDED_AVAILABILITY = YES_AGGRESSIVE;
				CLANG_WARN_UNREACHABLE_CODE = YES;
				CLANG_WARN__DUPLICATE_METHOD_MATCH = YES;
				CODE_SIGN_IDENTITY = "iPhone Developer";
				COPY_PHASE_STRIP = NO;
				DEBUG_INFORMATION_FORMAT = dwarf;
				ENABLE_STRICT_OBJC_MSGSEND = YES;
				ENABLE_TESTABILITY = YES;
				GCC_C_LANGUAGE_STANDARD = gnu11;
				GCC_DYNAMIC_NO_PIC = NO;
				GCC_NO_COMMON_BLOCKS = YES;
				GCC_OPTIMIZATION_LEVEL = 0;
				GCC_PREPROCESSOR_DEFINITIONS = (
					"DEBUG=1",
					"$(inherited)",
				);
				GCC_WARN_64_TO_32_BIT_CONVERSION = YES;
				GCC_WARN_ABOUT_RETURN_TYPE = YES_ERROR;
				GCC_WARN_UNDECLARED_SELECTOR = YES;
				GCC_WARN_UNINITIALIZED_AUTOS = YES_AGGRESSIVE;
				GCC_WARN_UNUSED_FUNCTION = YES;
				GCC_WARN_UNUSED_VARIABLE = YES;
				IPHONEOS_DEPLOYMENT_TARGET = 12.4;
				MTL_ENABLE_DEBUG_INFO = INCLUDE_SOURCE;
				MTL_FAST_MATH = YES;
				ONLY_ACTIVE_ARCH = YES;
				SDKROOT = iphoneos;
				SWIFT_ACTIVE_COMPILATION_CONDITIONS = DEBUG;
				SWIFT_OPTIMIZATION_LEVEL = "-Onone";
			};
			name = Debug;
		};
		D5570B94238849CD00DB9286 /* Release */ = {
			isa = XCBuildConfiguration;
			buildSettings = {
				ALWAYS_SEARCH_USER_PATHS = NO;
				CLANG_ANALYZER_NONNULL = YES;
				CLANG_ANALYZER_NUMBER_OBJECT_CONVERSION = YES_AGGRESSIVE;
				CLANG_CXX_LANGUAGE_STANDARD = "gnu++14";
				CLANG_CXX_LIBRARY = "libc++";
				CLANG_ENABLE_MODULES = YES;
				CLANG_ENABLE_OBJC_ARC = YES;
				CLANG_ENABLE_OBJC_WEAK = YES;
				CLANG_WARN_BLOCK_CAPTURE_AUTORELEASING = YES;
				CLANG_WARN_BOOL_CONVERSION = YES;
				CLANG_WARN_COMMA = YES;
				CLANG_WARN_CONSTANT_CONVERSION = YES;
				CLANG_WARN_DEPRECATED_OBJC_IMPLEMENTATIONS = YES;
				CLANG_WARN_DIRECT_OBJC_ISA_USAGE = YES_ERROR;
				CLANG_WARN_DOCUMENTATION_COMMENTS = YES;
				CLANG_WARN_EMPTY_BODY = YES;
				CLANG_WARN_ENUM_CONVERSION = YES;
				CLANG_WARN_INFINITE_RECURSION = YES;
				CLANG_WARN_INT_CONVERSION = YES;
				CLANG_WARN_NON_LITERAL_NULL_CONVERSION = YES;
				CLANG_WARN_OBJC_IMPLICIT_RETAIN_SELF = YES;
				CLANG_WARN_OBJC_LITERAL_CONVERSION = YES;
				CLANG_WARN_OBJC_ROOT_CLASS = YES_ERROR;
				CLANG_WARN_RANGE_LOOP_ANALYSIS = YES;
				CLANG_WARN_STRICT_PROTOTYPES = YES;
				CLANG_WARN_SUSPICIOUS_MOVE = YES;
				CLANG_WARN_UNGUARDED_AVAILABILITY = YES_AGGRESSIVE;
				CLANG_WARN_UNREACHABLE_CODE = YES;
				CLANG_WARN__DUPLICATE_METHOD_MATCH = YES;
				CODE_SIGN_IDENTITY = "iPhone Developer";
				COPY_PHASE_STRIP = NO;
				DEBUG_INFORMATION_FORMAT = "dwarf-with-dsym";
				ENABLE_NS_ASSERTIONS = NO;
				ENABLE_STRICT_OBJC_MSGSEND = YES;
				GCC_C_LANGUAGE_STANDARD = gnu11;
				GCC_NO_COMMON_BLOCKS = YES;
				GCC_WARN_64_TO_32_BIT_CONVERSION = YES;
				GCC_WARN_ABOUT_RETURN_TYPE = YES_ERROR;
				GCC_WARN_UNDECLARED_SELECTOR = YES;
				GCC_WARN_UNINITIALIZED_AUTOS = YES_AGGRESSIVE;
				GCC_WARN_UNUSED_FUNCTION = YES;
				GCC_WARN_UNUSED_VARIABLE = YES;
				IPHONEOS_DEPLOYMENT_TARGET = 12.4;
				MTL_ENABLE_DEBUG_INFO = NO;
				MTL_FAST_MATH = YES;
				SDKROOT = iphoneos;
				SWIFT_COMPILATION_MODE = wholemodule;
				SWIFT_OPTIMIZATION_LEVEL = "-O";
				VALIDATE_PRODUCT = YES;
			};
			name = Release;
		};
		D5570B96238849CD00DB9286 /* Debug */ = {
			isa = XCBuildConfiguration;
			buildSettings = {
				ASSETCATALOG_COMPILER_APPICON_NAME = AppIcon;
				CODE_SIGN_STYLE = Automatic;
				INFOPLIST_FILE = day02/Info.plist;
				LD_RUNPATH_SEARCH_PATHS = (
					"$(inherited)",
					"@executable_path/Frameworks",
				);
				PRODUCT_BUNDLE_IDENTIFIER = acoulomb.day02;
				PRODUCT_NAME = "$(TARGET_NAME)";
				SWIFT_VERSION = 5.0;
				TARGETED_DEVICE_FAMILY = "1,2";
			};
			name = Debug;
		};
		D5570B97238849CD00DB9286 /* Release */ = {
			isa = XCBuildConfiguration;
			buildSettings = {
				ASSETCATALOG_COMPILER_APPICON_NAME = AppIcon;
				CODE_SIGN_STYLE = Automatic;
				INFOPLIST_FILE = day02/Info.plist;
				LD_RUNPATH_SEARCH_PATHS = (
					"$(inherited)",
					"@executable_path/Frameworks",
				);
				PRODUCT_BUNDLE_IDENTIFIER = acoulomb.day02;
				PRODUCT_NAME = "$(TARGET_NAME)";
				SWIFT_VERSION = 5.0;
				TARGETED_DEVICE_FAMILY = "1,2";
			};
			name = Release;
		};
/* End XCBuildConfiguration section */

/* Begin XCConfigurationList section */
		D5570B7E238849C700DB9286 /* Build configuration list for PBXProject "day02" */ = {
			isa = XCConfigurationList;
			buildConfigurations = (
				D5570B93238849CD00DB9286 /* Debug */,
				D5570B94238849CD00DB9286 /* Release */,
			);
			defaultConfigurationIsVisible = 0;
			defaultConfigurationName = Release;
		};
		D5570B95238849CD00DB9286 /* Build configuration list for PBXNativeTarget "day02" */ = {
			isa = XCConfigurationList;
			buildConfigurations = (
				D5570B96238849CD00DB9286 /* Debug */,
				D5570B97238849CD00DB9286 /* Release */,
			);
			defaultConfigurationIsVisible = 0;
			defaultConfigurationName = Release;
		};
/* End XCConfigurationList section */
	};
	rootObject = D5570B7B238849C700DB9286 /* Project object */;
}
