// !$*UTF8*$!
{
	archiveVersion = 1;
	classes = {
	};
	objectVersion = 50;
	objects = {

/* Begin PBXBuildFile section */
		D514261F239FD0E2000ABAC7 /* AppDelegate.swift in Sources */ = {isa = PBXBuildFile; fileRef = D514261E239FD0E2000ABAC7 /* AppDelegate.swift */; };
		D5142624239FD0E2000ABAC7 /* Main.storyboard in Resources */ = {isa = PBXBuildFile; fileRef = D5142622239FD0E2000ABAC7 /* Main.storyboard */; };
		D5142626239FD0E9000ABAC7 /* Assets.xcassets in Resources */ = {isa = PBXBuildFile; fileRef = D5142625239FD0E9000ABAC7 /* Assets.xcassets */; };
		D5142629239FD0E9000ABAC7 /* LaunchScreen.storyboard in Resources */ = {isa = PBXBuildFile; fileRef = D5142627239FD0E9000ABAC7 /* LaunchScreen.storyboard */; };
		D5142631239FD134000ABAC7 /* Tweet.swift in Sources */ = {isa = PBXBuildFile; fileRef = D5142630239FD134000ABAC7 /* Tweet.swift */; };
		D5142635239FD475000ABAC7 /* ApiController.swift in Sources */ = {isa = PBXBuildFile; fileRef = D5142634239FD475000ABAC7 /* ApiController.swift */; };
		D537326C23A3A32F00DE7829 /* TweetTableViewController.swift in Sources */ = {isa = PBXBuildFile; fileRef = D537326B23A3A32F00DE7829 /* TweetTableViewController.swift */; };
		D537326E23A3AC7900DE7829 /* TweetTableViewCell.swift in Sources */ = {isa = PBXBuildFile; fileRef = D537326D23A3AC7900DE7829 /* TweetTableViewCell.swift */; };
		D5E2DD6C23A54BE900FB641D /* SearchBarViewCell.swift in Sources */ = {isa = PBXBuildFile; fileRef = D5E2DD6B23A54BE900FB641D /* SearchBarViewCell.swift */; };
/* End PBXBuildFile section */

/* Begin PBXFileReference section */
		D514261B239FD0E2000ABAC7 /* day04.app */ = {isa = PBXFileReference; explicitFileType = wrapper.application; includeInIndex = 0; path = day04.app; sourceTree = BUILT_PRODUCTS_DIR; };
		D514261E239FD0E2000ABAC7 /* AppDelegate.swift */ = {isa = PBXFileReference; lastKnownFileType = sourcecode.swift; path = AppDelegate.swift; sourceTree = "<group>"; };
		D5142623239FD0E2000ABAC7 /* Base */ = {isa = PBXFileReference; lastKnownFileType = file.storyboard; name = Base; path = Base.lproj/Main.storyboard; sourceTree = "<group>"; };
		D5142625239FD0E9000ABAC7 /* Assets.xcassets */ = {isa = PBXFileReference; lastKnownFileType = folder.assetcatalog; path = Assets.xcassets; sourceTree = "<group>"; };
		D5142628239FD0E9000ABAC7 /* Base */ = {isa = PBXFileReference; lastKnownFileType = file.storyboard; name = Base; path = Base.lproj/LaunchScreen.storyboard; sourceTree = "<group>"; };
		D514262A239FD0E9000ABAC7 /* Info.plist */ = {isa = PBXFileReference; lastKnownFileType = text.plist.xml; path = Info.plist; sourceTree = "<group>"; };
		D5142630239FD134000ABAC7 /* Tweet.swift */ = {isa = PBXFileReference; lastKnownFileType = sourcecode.swift; path = Tweet.swift; sourceTree = "<group>"; };
		D5142634239FD475000ABAC7 /* ApiController.swift */ = {isa = PBXFileReference; lastKnownFileType = sourcecode.swift; path = ApiController.swift; sourceTree = "<group>"; };
		D537326B23A3A32F00DE7829 /* TweetTableViewController.swift */ = {isa = PBXFileReference; lastKnownFileType = sourcecode.swift; path = TweetTableViewController.swift; sourceTree = "<group>"; };
		D537326D23A3AC7900DE7829 /* TweetTableViewCell.swift */ = {isa = PBXFileReference; lastKnownFileType = sourcecode.swift; path = TweetTableViewCell.swift; sourceTree = "<group>"; };
		D5E2DD6B23A54BE900FB641D /* SearchBarViewCell.swift */ = {isa = PBXFileReference; lastKnownFileType = sourcecode.swift; path = SearchBarViewCell.swift; sourceTree = "<group>"; };
/* End PBXFileReference section */

/* Begin PBXFrameworksBuildPhase section */
		D5142618239FD0E2000ABAC7 /* Frameworks */ = {
			isa = PBXFrameworksBuildPhase;
			buildActionMask = 2147483647;
			files = (
			);
			runOnlyForDeploymentPostprocessing = 0;
		};
/* End PBXFrameworksBuildPhase section */

/* Begin PBXGroup section */
		D5142612239FD0E2000ABAC7 = {
			isa = PBXGroup;
			children = (
				D514261D239FD0E2000ABAC7 /* day04 */,
				D514261C239FD0E2000ABAC7 /* Products */,
			);
			sourceTree = "<group>";
		};
		D514261C239FD0E2000ABAC7 /* Products */ = {
			isa = PBXGroup;
			children = (
				D514261B239FD0E2000ABAC7 /* day04.app */,
			);
			name = Products;
			sourceTree = "<group>";
		};
		D514261D239FD0E2000ABAC7 /* day04 */ = {
			isa = PBXGroup;
			children = (
				D514261E239FD0E2000ABAC7 /* AppDelegate.swift */,
				D5142622239FD0E2000ABAC7 /* Main.storyboard */,
				D5142625239FD0E9000ABAC7 /* Assets.xcassets */,
				D5142627239FD0E9000ABAC7 /* LaunchScreen.storyboard */,
				D514262A239FD0E9000ABAC7 /* Info.plist */,
				D5142630239FD134000ABAC7 /* Tweet.swift */,
				D5142634239FD475000ABAC7 /* ApiController.swift */,
				D537326B23A3A32F00DE7829 /* TweetTableViewController.swift */,
				D537326D23A3AC7900DE7829 /* TweetTableViewCell.swift */,
				D5E2DD6B23A54BE900FB641D /* SearchBarViewCell.swift */,
			);
			path = day04;
			sourceTree = "<group>";
		};
/* End PBXGroup section */

/* Begin PBXNativeTarget section */
		D514261A239FD0E2000ABAC7 /* day04 */ = {
			isa = PBXNativeTarget;
			buildConfigurationList = D514262D239FD0E9000ABAC7 /* Build configuration list for PBXNativeTarget "day04" */;
			buildPhases = (
				D5142617239FD0E2000ABAC7 /* Sources */,
				D5142618239FD0E2000ABAC7 /* Frameworks */,
				D5142619239FD0E2000ABAC7 /* Resources */,
			);
			buildRules = (
			);
			dependencies = (
			);
			name = day04;
			productName = day04;
			productReference = D514261B239FD0E2000ABAC7 /* day04.app */;
			productType = "com.apple.product-type.application";
		};
/* End PBXNativeTarget section */

/* Begin PBXProject section */
		D5142613239FD0E2000ABAC7 /* Project object */ = {
			isa = PBXProject;
			attributes = {
				LastSwiftUpdateCheck = 1030;
				LastUpgradeCheck = 1030;
				ORGANIZATIONNAME = "Aubane COULOMBIER";
				TargetAttributes = {
					D514261A239FD0E2000ABAC7 = {
						CreatedOnToolsVersion = 10.3;
					};
				};
			};
			buildConfigurationList = D5142616239FD0E2000ABAC7 /* Build configuration list for PBXProject "day04" */;
			compatibilityVersion = "Xcode 9.3";
			developmentRegion = en;
			hasScannedForEncodings = 0;
			knownRegions = (
				en,
				Base,
			);
			mainGroup = D5142612239FD0E2000ABAC7;
			productRefGroup = D514261C239FD0E2000ABAC7 /* Products */;
			projectDirPath = "";
			projectRoot = "";
			targets = (
				D514261A239FD0E2000ABAC7 /* day04 */,
			);
		};
/* End PBXProject section */

/* Begin PBXResourcesBuildPhase section */
		D5142619239FD0E2000ABAC7 /* Resources */ = {
			isa = PBXResourcesBuildPhase;
			buildActionMask = 2147483647;
			files = (
				D5142629239FD0E9000ABAC7 /* LaunchScreen.storyboard in Resources */,
				D5142626239FD0E9000ABAC7 /* Assets.xcassets in Resources */,
				D5142624239FD0E2000ABAC7 /* Main.storyboard in Resources */,
			);
			runOnlyForDeploymentPostprocessing = 0;
		};
/* End PBXResourcesBuildPhase section */

/* Begin PBXSourcesBuildPhase section */
		D5142617239FD0E2000ABAC7 /* Sources */ = {
			isa = PBXSourcesBuildPhase;
			buildActionMask = 2147483647;
			files = (
				D5E2DD6C23A54BE900FB641D /* SearchBarViewCell.swift in Sources */,
				D5142631239FD134000ABAC7 /* Tweet.swift in Sources */,
				D5142635239FD475000ABAC7 /* ApiController.swift in Sources */,
				D514261F239FD0E2000ABAC7 /* AppDelegate.swift in Sources */,
				D537326E23A3AC7900DE7829 /* TweetTableViewCell.swift in Sources */,
				D537326C23A3A32F00DE7829 /* TweetTableViewController.swift in Sources */,
			);
			runOnlyForDeploymentPostprocessing = 0;
		};
/* End PBXSourcesBuildPhase section */

/* Begin PBXVariantGroup section */
		D5142622239FD0E2000ABAC7 /* Main.storyboard */ = {
			isa = PBXVariantGroup;
			children = (
				D5142623239FD0E2000ABAC7 /* Base */,
			);
			name = Main.storyboard;
			sourceTree = "<group>";
		};
		D5142627239FD0E9000ABAC7 /* LaunchScreen.storyboard */ = {
			isa = PBXVariantGroup;
			children = (
				D5142628239FD0E9000ABAC7 /* Base */,
			);
			name = LaunchScreen.storyboard;
			sourceTree = "<group>";
		};
/* End PBXVariantGroup section */

/* Begin XCBuildConfiguration section */
		D514262B239FD0E9000ABAC7 /* Debug */ = {
			isa = XCBuildConfiguration;
			buildSettings = {
				ALWAYS_SEARCH_USER_PATHS = NO;
				CLANG_ANALYZER_NONNULL = YES;
				CLANG_ANALYZER_NUMBER_OBJECT_CONVERSION = YES_AGGRESSIVE;
				CLANG_CXX_LANGUAGE_STANDARD = "gnu++14";
				CLANG_CXX_LIBRARY = "libc++";
				CLANG_ENABLE_MODULES = YES;
				CLANG_ENABLE_OBJC_ARC = YES;
				CLANG_ENABLE_OBJC_WEAK = YES;
				CLANG_WARN_BLOCK_CAPTURE_AUTORELEASING = YES;
				CLANG_WARN_BOOL_CONVERSION = YES;
				CLANG_WARN_COMMA = YES;
				CLANG_WARN_CONSTANT_CONVERSION = YES;
				CLANG_WARN_DEPRECATED_OBJC_IMPLEMENTATIONS = YES;
				CLANG_WARN_DIRECT_OBJC_ISA_USAGE = YES_ERROR;
				CLANG_WARN_DOCUMENTATION_COMMENTS = YES;
				CLANG_WARN_EMPTY_BODY = YES;
				CLANG_WARN_ENUM_CONVERSION = YES;
				CLANG_WARN_INFINITE_RECURSION = YES;
				CLANG_WARN_INT_CONVERSION = YES;
				CLANG_WARN_NON_LITERAL_NULL_CONVERSION = YES;
				CLANG_WARN_OBJC_IMPLICIT_RETAIN_SELF = YES;
				CLANG_WARN_OBJC_LITERAL_CONVERSION = YES;
				CLANG_WARN_OBJC_ROOT_CLASS = YES_ERROR;
				CLANG_WARN_RANGE_LOOP_ANALYSIS = YES;
				CLANG_WARN_STRICT_PROTOTYPES = YES;
				CLANG_WARN_SUSPICIOUS_MOVE = YES;
				CLANG_WARN_UNGUARDED_AVAILABILITY = YES_AGGRESSIVE;
				CLANG_WARN_UNREACHABLE_CODE = YES;
				CLANG_WARN__DUPLICATE_METHOD_MATCH = YES;
				CODE_SIGN_IDENTITY = "iPhone Developer";
				COPY_PHASE_STRIP = NO;
				DEBUG_INFORMATION_FORMAT = dwarf;
				ENABLE_STRICT_OBJC_MSGSEND = YES;
				ENABLE_TESTABILITY = YES;
				GCC_C_LANGUAGE_STANDARD = gnu11;
				GCC_DYNAMIC_NO_PIC = NO;
				GCC_NO_COMMON_BLOCKS = YES;
				GCC_OPTIMIZATION_LEVEL = 0;
				GCC_PREPROCESSOR_DEFINITIONS = (
					"DEBUG=1",
					"$(inherited)",
				);
				GCC_WARN_64_TO_32_BIT_CONVERSION = YES;
				GCC_WARN_ABOUT_RETURN_TYPE = YES_ERROR;
				GCC_WARN_UNDECLARED_SELECTOR = YES;
				GCC_WARN_UNINITIALIZED_AUTOS = YES_AGGRESSIVE;
				GCC_WARN_UNUSED_FUNCTION = YES;
				GCC_WARN_UNUSED_VARIABLE = YES;
				IPHONEOS_DEPLOYMENT_TARGET = 12.4;
				MTL_ENABLE_DEBUG_INFO = INCLUDE_SOURCE;
				MTL_FAST_MATH = YES;
				ONLY_ACTIVE_ARCH = YES;
				SDKROOT = iphoneos;
				SWIFT_ACTIVE_COMPILATION_CONDITIONS = DEBUG;
				SWIFT_OPTIMIZATION_LEVEL = "-Onone";
			};
			name = Debug;
		};
		D514262C239FD0E9000ABAC7 /* Release */ = {
			isa = XCBuildConfiguration;
			buildSettings = {
				ALWAYS_SEARCH_USER_PATHS = NO;
				CLANG_ANALYZER_NONNULL = YES;
				CLANG_ANALYZER_NUMBER_OBJECT_CONVERSION = YES_AGGRESSIVE;
				CLANG_CXX_LANGUAGE_STANDARD = "gnu++14";
				CLANG_CXX_LIBRARY = "libc++";
				CLANG_ENABLE_MODULES = YES;
				CLANG_ENABLE_OBJC_ARC = YES;
				CLANG_ENABLE_OBJC_WEAK = YES;
				CLANG_WARN_BLOCK_CAPTURE_AUTORELEASING = YES;
				CLANG_WARN_BOOL_CONVERSION = YES;
				CLANG_WARN_COMMA = YES;
				CLANG_WARN_CONSTANT_CONVERSION = YES;
				CLANG_WARN_DEPRECATED_OBJC_IMPLEMENTATIONS = YES;
				CLANG_WARN_DIRECT_OBJC_ISA_USAGE = YES_ERROR;
				CLANG_WARN_DOCUMENTATION_COMMENTS = YES;
				CLANG_WARN_EMPTY_BODY = YES;
				CLANG_WARN_ENUM_CONVERSION = YES;
				CLANG_WARN_INFINITE_RECURSION = YES;
				CLANG_WARN_INT_CONVERSION = YES;
				CLANG_WARN_NON_LITERAL_NULL_CONVERSION = YES;
				CLANG_WARN_OBJC_IMPLICIT_RETAIN_SELF = YES;
				CLANG_WARN_OBJC_LITERAL_CONVERSION = YES;
				CLANG_WARN_OBJC_ROOT_CLASS = YES_ERROR;
				CLANG_WARN_RANGE_LOOP_ANALYSIS = YES;
				CLANG_WARN_STRICT_PROTOTYPES = YES;
				CLANG_WARN_SUSPICIOUS_MOVE = YES;
				CLANG_WARN_UNGUARDED_AVAILABILITY = YES_AGGRESSIVE;
				CLANG_WARN_UNREACHABLE_CODE = YES;
				CLANG_WARN__DUPLICATE_METHOD_MATCH = YES;
				CODE_SIGN_IDENTITY = "iPhone Developer";
				COPY_PHASE_STRIP = NO;
				DEBUG_INFORMATION_FORMAT = "dwarf-with-dsym";
				ENABLE_NS_ASSERTIONS = NO;
				ENABLE_STRICT_OBJC_MSGSEND = YES;
				GCC_C_LANGUAGE_STANDARD = gnu11;
				GCC_NO_COMMON_BLOCKS = YES;
				GCC_WARN_64_TO_32_BIT_CONVERSION = YES;
				GCC_WARN_ABOUT_RETURN_TYPE = YES_ERROR;
				GCC_WARN_UNDECLARED_SELECTOR = YES;
				GCC_WARN_UNINITIALIZED_AUTOS = YES_AGGRESSIVE;
				GCC_WARN_UNUSED_FUNCTION = YES;
				GCC_WARN_UNUSED_VARIABLE = YES;
				IPHONEOS_DEPLOYMENT_TARGET = 12.4;
				MTL_ENABLE_DEBUG_INFO = NO;
				MTL_FAST_MATH = YES;
				SDKROOT = iphoneos;
				SWIFT_COMPILATION_MODE = wholemodule;
				SWIFT_OPTIMIZATION_LEVEL = "-O";
				VALIDATE_PRODUCT = YES;
			};
			name = Release;
		};
		D514262E239FD0E9000ABAC7 /* Debug */ = {
			isa = XCBuildConfiguration;
			buildSettings = {
				ASSETCATALOG_COMPILER_APPICON_NAME = AppIcon;
				CODE_SIGN_STYLE = Automatic;
				INFOPLIST_FILE = day04/Info.plist;
				LD_RUNPATH_SEARCH_PATHS = (
					"$(inherited)",
					"@executable_path/Frameworks",
				);
				PRODUCT_BUNDLE_IDENTIFIER = acoulomb.day04;
				PRODUCT_NAME = "$(TARGET_NAME)";
				SWIFT_VERSION = 5.0;
				TARGETED_DEVICE_FAMILY = "1,2";
			};
			name = Debug;
		};
		D514262F239FD0E9000ABAC7 /* Release */ = {
			isa = XCBuildConfiguration;
			buildSettings = {
				ASSETCATALOG_COMPILER_APPICON_NAME = AppIcon;
				CODE_SIGN_STYLE = Automatic;
				INFOPLIST_FILE = day04/Info.plist;
				LD_RUNPATH_SEARCH_PATHS = (
					"$(inherited)",
					"@executable_path/Frameworks",
				);
				PRODUCT_BUNDLE_IDENTIFIER = acoulomb.day04;
				PRODUCT_NAME = "$(TARGET_NAME)";
				SWIFT_VERSION = 5.0;
				TARGETED_DEVICE_FAMILY = "1,2";
			};
			name = Release;
		};
/* End XCBuildConfiguration section */

/* Begin XCConfigurationList section */
		D5142616239FD0E2000ABAC7 /* Build configuration list for PBXProject "day04" */ = {
			isa = XCConfigurationList;
			buildConfigurations = (
				D514262B239FD0E9000ABAC7 /* Debug */,
				D514262C239FD0E9000ABAC7 /* Release */,
			);
			defaultConfigurationIsVisible = 0;
			defaultConfigurationName = Release;
		};
		D514262D239FD0E9000ABAC7 /* Build configuration list for PBXNativeTarget "day04" */ = {
			isa = XCConfigurationList;
			buildConfigurations = (
				D514262E239FD0E9000ABAC7 /* Debug */,
				D514262F239FD0E9000ABAC7 /* Release */,
			);
			defaultConfigurationIsVisible = 0;
			defaultConfigurationName = Release;
		};
/* End XCConfigurationList section */
	};
	rootObject = D5142613239FD0E2000ABAC7 /* Project object */;
}
