// !$*UTF8*$!
{
	archiveVersion = 1;
	classes = {
	};
	objectVersion = 50;
	objects = {

/* Begin PBXBuildFile section */
		D5240CCC239E6CC200048DE6 /* AppDelegate.swift in Sources */ = {isa = PBXBuildFile; fileRef = D5240CCB239E6CC200048DE6 /* AppDelegate.swift */; };
		D5240CD1239E6CC200048DE6 /* Main.storyboard in Resources */ = {isa = PBXBuildFile; fileRef = D5240CCF239E6CC200048DE6 /* Main.storyboard */; };
		D5240CD3239E6CCC00048DE6 /* Assets.xcassets in Resources */ = {isa = PBXBuildFile; fileRef = D5240CD2239E6CCC00048DE6 /* Assets.xcassets */; };
		D5240CD6239E6CCC00048DE6 /* LaunchScreen.storyboard in Resources */ = {isa = PBXBuildFile; fileRef = D5240CD4239E6CCC00048DE6 /* LaunchScreen.storyboard */; };
		D5240CDE239E770900048DE6 /* ImgCollectionViewController.swift in Sources */ = {isa = PBXBuildFile; fileRef = D5240CDD239E770900048DE6 /* ImgCollectionViewController.swift */; };
		D5240CE2239EC58700048DE6 /* ImgModel.swift in Sources */ = {isa = PBXBuildFile; fileRef = D5240CE1239EC58700048DE6 /* ImgModel.swift */; };
		D5240CE4239EC60A00048DE6 /* ImgCollectionViewCell.swift in Sources */ = {isa = PBXBuildFile; fileRef = D5240CE3239EC60A00048DE6 /* ImgCollectionViewCell.swift */; };
		D5240CE6239ED23E00048DE6 /* ImgDetailViewController.swift in Sources */ = {isa = PBXBuildFile; fileRef = D5240CE5239ED23E00048DE6 /* ImgDetailViewController.swift */; };
/* End PBXBuildFile section */

/* Begin PBXFileReference section */
		D5240CC8239E6CC200048DE6 /* day03.app */ = {isa = PBXFileReference; explicitFileType = wrapper.application; includeInIndex = 0; path = day03.app; sourceTree = BUILT_PRODUCTS_DIR; };
		D5240CCB239E6CC200048DE6 /* AppDelegate.swift */ = {isa = PBXFileReference; lastKnownFileType = sourcecode.swift; path = AppDelegate.swift; sourceTree = "<group>"; };
		D5240CD0239E6CC200048DE6 /* Base */ = {isa = PBXFileReference; lastKnownFileType = file.storyboard; name = Base; path = Base.lproj/Main.storyboard; sourceTree = "<group>"; };
		D5240CD2239E6CCC00048DE6 /* Assets.xcassets */ = {isa = PBXFileReference; lastKnownFileType = folder.assetcatalog; path = Assets.xcassets; sourceTree = "<group>"; };
		D5240CD5239E6CCC00048DE6 /* Base */ = {isa = PBXFileReference; lastKnownFileType = file.storyboard; name = Base; path = Base.lproj/LaunchScreen.storyboard; sourceTree = "<group>"; };
		D5240CD7239E6CCC00048DE6 /* Info.plist */ = {isa = PBXFileReference; lastKnownFileType = text.plist.xml; path = Info.plist; sourceTree = "<group>"; };
		D5240CDD239E770900048DE6 /* ImgCollectionViewController.swift */ = {isa = PBXFileReference; lastKnownFileType = sourcecode.swift; path = ImgCollectionViewController.swift; sourceTree = "<group>"; };
		D5240CE1239EC58700048DE6 /* ImgModel.swift */ = {isa = PBXFileReference; lastKnownFileType = sourcecode.swift; path = ImgModel.swift; sourceTree = "<group>"; };
		D5240CE3239EC60A00048DE6 /* ImgCollectionViewCell.swift */ = {isa = PBXFileReference; lastKnownFileType = sourcecode.swift; path = ImgCollectionViewCell.swift; sourceTree = "<group>"; };
		D5240CE5239ED23E00048DE6 /* ImgDetailViewController.swift */ = {isa = PBXFileReference; lastKnownFileType = sourcecode.swift; path = ImgDetailViewController.swift; sourceTree = "<group>"; };
/* End PBXFileReference section */

/* Begin PBXFrameworksBuildPhase section */
		D5240CC5239E6CC200048DE6 /* Frameworks */ = {
			isa = PBXFrameworksBuildPhase;
			buildActionMask = 2147483647;
			files = (
			);
			runOnlyForDeploymentPostprocessing = 0;
		};
/* End PBXFrameworksBuildPhase section */

/* Begin PBXGroup section */
		D5240CBF239E6CC200048DE6 = {
			isa = PBXGroup;
			children = (
				D5240CCA239E6CC200048DE6 /* day03 */,
				D5240CC9239E6CC200048DE6 /* Products */,
			);
			sourceTree = "<group>";
		};
		D5240CC9239E6CC200048DE6 /* Products */ = {
			isa = PBXGroup;
			children = (
				D5240CC8239E6CC200048DE6 /* day03.app */,
			);
			name = Products;
			sourceTree = "<group>";
		};
		D5240CCA239E6CC200048DE6 /* day03 */ = {
			isa = PBXGroup;
			children = (
				D5240CCB239E6CC200048DE6 /* AppDelegate.swift */,
				D5240CCF239E6CC200048DE6 /* Main.storyboard */,
				D5240CD2239E6CCC00048DE6 /* Assets.xcassets */,
				D5240CD4239E6CCC00048DE6 /* LaunchScreen.storyboard */,
				D5240CD7239E6CCC00048DE6 /* Info.plist */,
				D5240CDD239E770900048DE6 /* ImgCollectionViewController.swift */,
				D5240CE1239EC58700048DE6 /* ImgModel.swift */,
				D5240CE3239EC60A00048DE6 /* ImgCollectionViewCell.swift */,
				D5240CE5239ED23E00048DE6 /* ImgDetailViewController.swift */,
			);
			path = day03;
			sourceTree = "<group>";
		};
/* End PBXGroup section */

/* Begin PBXNativeTarget section */
		D5240CC7239E6CC200048DE6 /* day03 */ = {
			isa = PBXNativeTarget;
			buildConfigurationList = D5240CDA239E6CCC00048DE6 /* Build configuration list for PBXNativeTarget "day03" */;
			buildPhases = (
				D5240CC4239E6CC200048DE6 /* Sources */,
				D5240CC5239E6CC200048DE6 /* Frameworks */,
				D5240CC6239E6CC200048DE6 /* Resources */,
			);
			buildRules = (
			);
			dependencies = (
			);
			name = day03;
			productName = day03;
			productReference = D5240CC8239E6CC200048DE6 /* day03.app */;
			productType = "com.apple.product-type.application";
		};
/* End PBXNativeTarget section */

/* Begin PBXProject section */
		D5240CC0239E6CC200048DE6 /* Project object */ = {
			isa = PBXProject;
			attributes = {
				LastSwiftUpdateCheck = 1030;
				LastUpgradeCheck = 1030;
				ORGANIZATIONNAME = "Aubane COULOMBIER";
				TargetAttributes = {
					D5240CC7239E6CC200048DE6 = {
						CreatedOnToolsVersion = 10.3;
					};
				};
			};
			buildConfigurationList = D5240CC3239E6CC200048DE6 /* Build configuration list for PBXProject "day03" */;
			compatibilityVersion = "Xcode 9.3";
			developmentRegion = en;
			hasScannedForEncodings = 0;
			knownRegions = (
				en,
				Base,
			);
			mainGroup = D5240CBF239E6CC200048DE6;
			productRefGroup = D5240CC9239E6CC200048DE6 /* Products */;
			projectDirPath = "";
			projectRoot = "";
			targets = (
				D5240CC7239E6CC200048DE6 /* day03 */,
			);
		};
/* End PBXProject section */

/* Begin PBXResourcesBuildPhase section */
		D5240CC6239E6CC200048DE6 /* Resources */ = {
			isa = PBXResourcesBuildPhase;
			buildActionMask = 2147483647;
			files = (
				D5240CD6239E6CCC00048DE6 /* LaunchScreen.storyboard in Resources */,
				D5240CD3239E6CCC00048DE6 /* Assets.xcassets in Resources */,
				D5240CD1239E6CC200048DE6 /* Main.storyboard in Resources */,
			);
			runOnlyForDeploymentPostprocessing = 0;
		};
/* End PBXResourcesBuildPhase section */

/* Begin PBXSourcesBuildPhase section */
		D5240CC4239E6CC200048DE6 /* Sources */ = {
			isa = PBXSourcesBuildPhase;
			buildActionMask = 2147483647;
			files = (
				D5240CDE239E770900048DE6 /* ImgCollectionViewController.swift in Sources */,
				D5240CE6239ED23E00048DE6 /* ImgDetailViewController.swift in Sources */,
				D5240CE2239EC58700048DE6 /* ImgModel.swift in Sources */,
				D5240CE4239EC60A00048DE6 /* ImgCollectionViewCell.swift in Sources */,
				D5240CCC239E6CC200048DE6 /* AppDelegate.swift in Sources */,
			);
			runOnlyForDeploymentPostprocessing = 0;
		};
/* End PBXSourcesBuildPhase section */

/* Begin PBXVariantGroup section */
		D5240CCF239E6CC200048DE6 /* Main.storyboard */ = {
			isa = PBXVariantGroup;
			children = (
				D5240CD0239E6CC200048DE6 /* Base */,
			);
			name = Main.storyboard;
			sourceTree = "<group>";
		};
		D5240CD4239E6CCC00048DE6 /* LaunchScreen.storyboard */ = {
			isa = PBXVariantGroup;
			children = (
				D5240CD5239E6CCC00048DE6 /* Base */,
			);
			name = LaunchScreen.storyboard;
			sourceTree = "<group>";
		};
/* End PBXVariantGroup section */

/* Begin XCBuildConfiguration section */
		D5240CD8239E6CCC00048DE6 /* Debug */ = {
			isa = XCBuildConfiguration;
			buildSettings = {
				ALWAYS_SEARCH_USER_PATHS = NO;
				CLANG_ANALYZER_NONNULL = YES;
				CLANG_ANALYZER_NUMBER_OBJECT_CONVERSION = YES_AGGRESSIVE;
				CLANG_CXX_LANGUAGE_STANDARD = "gnu++14";
				CLANG_CXX_LIBRARY = "libc++";
				CLANG_ENABLE_MODULES = YES;
				CLANG_ENABLE_OBJC_ARC = YES;
				CLANG_ENABLE_OBJC_WEAK = YES;
				CLANG_WARN_BLOCK_CAPTURE_AUTORELEASING = YES;
				CLANG_WARN_BOOL_CONVERSION = YES;
				CLANG_WARN_COMMA = YES;
				CLANG_WARN_CONSTANT_CONVERSION = YES;
				CLANG_WARN_DEPRECATED_OBJC_IMPLEMENTATIONS = YES;
				CLANG_WARN_DIRECT_OBJC_ISA_USAGE = YES_ERROR;
				CLANG_WARN_DOCUMENTATION_COMMENTS = YES;
				CLANG_WARN_EMPTY_BODY = YES;
				CLANG_WARN_ENUM_CONVERSION = YES;
				CLANG_WARN_INFINITE_RECURSION = YES;
				CLANG_WARN_INT_CONVERSION = YES;
				CLANG_WARN_NON_LITERAL_NULL_CONVERSION = YES;
				CLANG_WARN_OBJC_IMPLICIT_RETAIN_SELF = YES;
				CLANG_WARN_OBJC_LITERAL_CONVERSION = YES;
				CLANG_WARN_OBJC_ROOT_CLASS = YES_ERROR;
				CLANG_WARN_RANGE_LOOP_ANALYSIS = YES;
				CLANG_WARN_STRICT_PROTOTYPES = YES;
				CLANG_WARN_SUSPICIOUS_MOVE = YES;
				CLANG_WARN_UNGUARDED_AVAILABILITY = YES_AGGRESSIVE;
				CLANG_WARN_UNREACHABLE_CODE = YES;
				CLANG_WARN__DUPLICATE_METHOD_MATCH = YES;
				CODE_SIGN_IDENTITY = "iPhone Developer";
				COPY_PHASE_STRIP = NO;
				DEBUG_INFORMATION_FORMAT = dwarf;
				ENABLE_STRICT_OBJC_MSGSEND = YES;
				ENABLE_TESTABILITY = YES;
				GCC_C_LANGUAGE_STANDARD = gnu11;
				GCC_DYNAMIC_NO_PIC = NO;
				GCC_NO_COMMON_BLOCKS = YES;
				GCC_OPTIMIZATION_LEVEL = 0;
				GCC_PREPROCESSOR_DEFINITIONS = (
					"DEBUG=1",
					"$(inherited)",
				);
				GCC_WARN_64_TO_32_BIT_CONVERSION = YES;
				GCC_WARN_ABOUT_RETURN_TYPE = YES_ERROR;
				GCC_WARN_UNDECLARED_SELECTOR = YES;
				GCC_WARN_UNINITIALIZED_AUTOS = YES_AGGRESSIVE;
				GCC_WARN_UNUSED_FUNCTION = YES;
				GCC_WARN_UNUSED_VARIABLE = YES;
				IPHONEOS_DEPLOYMENT_TARGET = 12.4;
				MTL_ENABLE_DEBUG_INFO = INCLUDE_SOURCE;
				MTL_FAST_MATH = YES;
				ONLY_ACTIVE_ARCH = YES;
				SDKROOT = iphoneos;
				SWIFT_ACTIVE_COMPILATION_CONDITIONS = DEBUG;
				SWIFT_OPTIMIZATION_LEVEL = "-Onone";
			};
			name = Debug;
		};
		D5240CD9239E6CCC00048DE6 /* Release */ = {
			isa = XCBuildConfiguration;
			buildSettings = {
				ALWAYS_SEARCH_USER_PATHS = NO;
				CLANG_ANALYZER_NONNULL = YES;
				CLANG_ANALYZER_NUMBER_OBJECT_CONVERSION = YES_AGGRESSIVE;
				CLANG_CXX_LANGUAGE_STANDARD = "gnu++14";
				CLANG_CXX_LIBRARY = "libc++";
				CLANG_ENABLE_MODULES = YES;
				CLANG_ENABLE_OBJC_ARC = YES;
				CLANG_ENABLE_OBJC_WEAK = YES;
				CLANG_WARN_BLOCK_CAPTURE_AUTORELEASING = YES;
				CLANG_WARN_BOOL_CONVERSION = YES;
				CLANG_WARN_COMMA = YES;
				CLANG_WARN_CONSTANT_CONVERSION = YES;
				CLANG_WARN_DEPRECATED_OBJC_IMPLEMENTATIONS = YES;
				CLANG_WARN_DIRECT_OBJC_ISA_USAGE = YES_ERROR;
				CLANG_WARN_DOCUMENTATION_COMMENTS = YES;
				CLANG_WARN_EMPTY_BODY = YES;
				CLANG_WARN_ENUM_CONVERSION = YES;
				CLANG_WARN_INFINITE_RECURSION = YES;
				CLANG_WARN_INT_CONVERSION = YES;
				CLANG_WARN_NON_LITERAL_NULL_CONVERSION = YES;
				CLANG_WARN_OBJC_IMPLICIT_RETAIN_SELF = YES;
				CLANG_WARN_OBJC_LITERAL_CONVERSION = YES;
				CLANG_WARN_OBJC_ROOT_CLASS = YES_ERROR;
				CLANG_WARN_RANGE_LOOP_ANALYSIS = YES;
				CLANG_WARN_STRICT_PROTOTYPES = YES;
				CLANG_WARN_SUSPICIOUS_MOVE = YES;
				CLANG_WARN_UNGUARDED_AVAILABILITY = YES_AGGRESSIVE;
				CLANG_WARN_UNREACHABLE_CODE = YES;
				CLANG_WARN__DUPLICATE_METHOD_MATCH = YES;
				CODE_SIGN_IDENTITY = "iPhone Developer";
				COPY_PHASE_STRIP = NO;
				DEBUG_INFORMATION_FORMAT = "dwarf-with-dsym";
				ENABLE_NS_ASSERTIONS = NO;
				ENABLE_STRICT_OBJC_MSGSEND = YES;
				GCC_C_LANGUAGE_STANDARD = gnu11;
				GCC_NO_COMMON_BLOCKS = YES;
				GCC_WARN_64_TO_32_BIT_CONVERSION = YES;
				GCC_WARN_ABOUT_RETURN_TYPE = YES_ERROR;
				GCC_WARN_UNDECLARED_SELECTOR = YES;
				GCC_WARN_UNINITIALIZED_AUTOS = YES_AGGRESSIVE;
				GCC_WARN_UNUSED_FUNCTION = YES;
				GCC_WARN_UNUSED_VARIABLE = YES;
				IPHONEOS_DEPLOYMENT_TARGET = 12.4;
				MTL_ENABLE_DEBUG_INFO = NO;
				MTL_FAST_MATH = YES;
				SDKROOT = iphoneos;
				SWIFT_COMPILATION_MODE = wholemodule;
				SWIFT_OPTIMIZATION_LEVEL = "-O";
				VALIDATE_PRODUCT = YES;
			};
			name = Release;
		};
		D5240CDB239E6CCC00048DE6 /* Debug */ = {
			isa = XCBuildConfiguration;
			buildSettings = {
				ASSETCATALOG_COMPILER_APPICON_NAME = AppIcon;
				CODE_SIGN_STYLE = Automatic;
				INFOPLIST_FILE = day03/Info.plist;
				LD_RUNPATH_SEARCH_PATHS = (
					"$(inherited)",
					"@executable_path/Frameworks",
				);
				PRODUCT_BUNDLE_IDENTIFIER = acoulomb.day03;
				PRODUCT_NAME = "$(TARGET_NAME)";
				SWIFT_VERSION = 5.0;
				TARGETED_DEVICE_FAMILY = "1,2";
			};
			name = Debug;
		};
		D5240CDC239E6CCC00048DE6 /* Release */ = {
			isa = XCBuildConfiguration;
			buildSettings = {
				ASSETCATALOG_COMPILER_APPICON_NAME = AppIcon;
				CODE_SIGN_STYLE = Automatic;
				INFOPLIST_FILE = day03/Info.plist;
				LD_RUNPATH_SEARCH_PATHS = (
					"$(inherited)",
					"@executable_path/Frameworks",
				);
				PRODUCT_BUNDLE_IDENTIFIER = acoulomb.day03;
				PRODUCT_NAME = "$(TARGET_NAME)";
				SWIFT_VERSION = 5.0;
				TARGETED_DEVICE_FAMILY = "1,2";
			};
			name = Release;
		};
/* End XCBuildConfiguration section */

/* Begin XCConfigurationList section */
		D5240CC3239E6CC200048DE6 /* Build configuration list for PBXProject "day03" */ = {
			isa = XCConfigurationList;
			buildConfigurations = (
				D5240CD8239E6CCC00048DE6 /* Debug */,
				D5240CD9239E6CCC00048DE6 /* Release */,
			);
			defaultConfigurationIsVisible = 0;
			defaultConfigurationName = Release;
		};
		D5240CDA239E6CCC00048DE6 /* Build configuration list for PBXNativeTarget "day03" */ = {
			isa = XCConfigurationList;
			buildConfigurations = (
				D5240CDB239E6CCC00048DE6 /* Debug */,
				D5240CDC239E6CCC00048DE6 /* Release */,
			);
			defaultConfigurationIsVisible = 0;
			defaultConfigurationName = Release;
		};
/* End XCConfigurationList section */
	};
	rootObject = D5240CC0239E6CC200048DE6 /* Project object */;
}
